
Microsoft Visual Studio Solution File, Format Version 12.00
# Visual Studio Version 17
VisualStudioVersion = 17.5.002.0
MinimumVisualStudioVersion = 10.0.40219.1
Project("{9A19103F-16F7-4668-BE54-9A1E7A4F7556}") = "DoAnCuoiKy_KTLT", "DoAnCuoiKy_KTLT.csproj", "{971CAF1A-2018-4EB9-B54C-C026E81B81FD}"
EndProject
Global
	GlobalSection(SolutionConfigurationPlatforms) = preSolution
		Debug|Any CPU = Debug|Any CPU
		Release|Any CPU = Release|Any CPU
	EndGlobalSection
	GlobalSection(ProjectConfigurationPlatforms) = postSolution
		{971CAF1A-2018-4EB9-B54C-C026E81B81FD}.Debug|Any CPU.ActiveCfg = Debug|Any CPU
		{971CAF1A-2018-4EB9-B54C-C026E81B81FD}.Debug|Any CPU.Build.0 = Debug|Any CPU
		{971CAF1A-2018-4EB9-B54C-C026E81B81FD}.Release|Any CPU.ActiveCfg = Release|Any CPU
		{971CAF1A-2018-4EB9-B54C-C026E81B81FD}.Release|Any CPU.Build.0 = Release|Any CPU
	EndGlobalSection
	GlobalSection(SolutionProperties) = preSolution
		HideSolutionNode = FALSE
	EndGlobalSection
	GlobalSection(ExtensibilityGlobals) = postSolution
		SolutionGuid = {AC01608D-5378-4825-ACD7-59DC626C33C3}
	EndGlobalSection
EndGlobal
